
Microsoft Visual Studio Solution File, Format Version 12.00
# Visual Studio Version 17
VisualStudioVersion = 17.5.002.0
MinimumVisualStudioVersion = 10.0.40219.1
Project("{9A19103F-16F7-4668-BE54-9A1E7A4F7556}") = "ExtensionsAIEmbed", "ExtensionsAIEmbed.csproj", "{ADD6A5C8-35D9-4535-86AD-49126F61EBE6}"
EndProject
Global
	GlobalSection(SolutionConfigurationPlatforms) = preSolution
		Debug|Any CPU = Debug|Any CPU
		Release|Any CPU = Release|Any CPU
	EndGlobalSection
	GlobalSection(ProjectConfigurationPlatforms) = postSolution
		{ADD6A5C8-35D9-4535-86AD-49126F61EBE6}.Debug|Any CPU.ActiveCfg = Debug|Any CPU
		{ADD6A5C8-35D9-4535-86AD-49126F61EBE6}.Debug|Any CPU.Build.0 = Debug|Any CPU
		{ADD6A5C8-35D9-4535-86AD-49126F61EBE6}.Release|Any CPU.ActiveCfg = Release|Any CPU
		{ADD6A5C8-35D9-4535-86AD-49126F61EBE6}.Release|Any CPU.Build.0 = Release|Any CPU
	EndGlobalSection
	GlobalSection(SolutionProperties) = preSolution
		HideSolutionNode = FALSE
	EndGlobalSection
	GlobalSection(ExtensibilityGlobals) = postSolution
		SolutionGuid = {CA33062D-02D7-4660-A166-68BC5F9B80D3}
	EndGlobalSection
EndGlobal
