
Microsoft Visual Studio Solution File, Format Version 12.00
# Visual Studio Version 17
VisualStudioVersion = 17.5.002.0
MinimumVisualStudioVersion = 10.0.40219.1
Project("{9A19103F-16F7-4668-BE54-9A1E7A4F7556}") = "nativeplugins", "nativeplugins.csproj", "{2F063818-F7A8-4BB2-9CF6-023EB1A7B49F}"
EndProject
Global
	GlobalSection(SolutionConfigurationPlatforms) = preSolution
		Debug|Any CPU = Debug|Any CPU
		Release|Any CPU = Release|Any CPU
	EndGlobalSection
	GlobalSection(ProjectConfigurationPlatforms) = postSolution
		{2F063818-F7A8-4BB2-9CF6-023EB1A7B49F}.Debug|Any CPU.ActiveCfg = Debug|Any CPU
		{2F063818-F7A8-4BB2-9CF6-023EB1A7B49F}.Debug|Any CPU.Build.0 = Debug|Any CPU
		{2F063818-F7A8-4BB2-9CF6-023EB1A7B49F}.Release|Any CPU.ActiveCfg = Release|Any CPU
		{2F063818-F7A8-4BB2-9CF6-023EB1A7B49F}.Release|Any CPU.Build.0 = Release|Any CPU
	EndGlobalSection
	GlobalSection(SolutionProperties) = preSolution
		HideSolutionNode = FALSE
	EndGlobalSection
	GlobalSection(ExtensibilityGlobals) = postSolution
		SolutionGuid = {F382ABD1-40C0-44C0-BFD7-A5664774A3D5}
	EndGlobalSection
EndGlobal
