Microsoft Visual Studio Solution File, Format Version 12.00
# Visual Studio Version 17
VisualStudioVersion = 17.5.2.0
MinimumVisualStudioVersion = 10.0.40219.1
Project("{FAE04EC0-301F-11D3-BF4B-00C04F79EFBC}") = "better", "better.csproj", "{90628D71-562E-D12C-35C6-CB353584A142}"
EndProject
Global
	GlobalSection(SolutionConfigurationPlatforms) = preSolution
		Debug|Any CPU = Debug|Any CPU
		Release|Any CPU = Release|Any CPU
	EndGlobalSection
	GlobalSection(ProjectConfigurationPlatforms) = postSolution
		{90628D71-562E-D12C-35C6-CB353584A142}.Debug|Any CPU.ActiveCfg = Debug|Any CPU
		{90628D71-562E-D12C-35C6-CB353584A142}.Debug|Any CPU.Build.0 = Debug|Any CPU
		{90628D71-562E-D12C-35C6-CB353584A142}.Release|Any CPU.ActiveCfg = Release|Any CPU
		{90628D71-562E-D12C-35C6-CB353584A142}.Release|Any CPU.Build.0 = Release|Any CPU
	EndGlobalSection
	GlobalSection(SolutionProperties) = preSolution
		HideSolutionNode = FALSE
	EndGlobalSection
	GlobalSection(ExtensibilityGlobals) = postSolution
		SolutionGuid = {4B0F7AA8-13F0-4672-B7A7-07C35892F01E}
	EndGlobalSection
EndGlobal
