
Microsoft Visual Studio Solution File, Format Version 12.00
# Visual Studio Version 17
VisualStudioVersion = 17.5.002.0
MinimumVisualStudioVersion = 10.0.40219.1
Project("{9A19103F-16F7-4668-BE54-9A1E7A4F7556}") = "qdrantembedsearch", "qdrantembedsearch.csproj", "{BACD7EFF-0420-4DD5-8D89-87D21AFF6C9C}"
EndProject
Global
	GlobalSection(SolutionConfigurationPlatforms) = preSolution
		Debug|Any CPU = Debug|Any CPU
		Release|Any CPU = Release|Any CPU
	EndGlobalSection
	GlobalSection(ProjectConfigurationPlatforms) = postSolution
		{BACD7EFF-0420-4DD5-8D89-87D21AFF6C9C}.Debug|Any CPU.ActiveCfg = Debug|Any CPU
		{BACD7EFF-0420-4DD5-8D89-87D21AFF6C9C}.Debug|Any CPU.Build.0 = Debug|Any CPU
		{BACD7EFF-0420-4DD5-8D89-87D21AFF6C9C}.Release|Any CPU.ActiveCfg = Release|Any CPU
		{BACD7EFF-0420-4DD5-8D89-87D21AFF6C9C}.Release|Any CPU.Build.0 = Release|Any CPU
	EndGlobalSection
	GlobalSection(SolutionProperties) = preSolution
		HideSolutionNode = FALSE
	EndGlobalSection
	GlobalSection(ExtensibilityGlobals) = postSolution
		SolutionGuid = {E3C169AB-109D-453B-BC3F-1269053BC6C0}
	EndGlobalSection
EndGlobal
