
Microsoft Visual Studio Solution File, Format Version 12.00
# Visual Studio Version 17
VisualStudioVersion = 17.5.002.0
MinimumVisualStudioVersion = 10.0.40219.1
Project("{9A19103F-16F7-4668-BE54-9A1E7A4F7556}") = "webscraptetoqdrantsearch", "webscraptetoqdrantsearch.csproj", "{04D91E48-9D27-4382-B5ED-1884F68BBB0F}"
EndProject
Global
	GlobalSection(SolutionConfigurationPlatforms) = preSolution
		Debug|Any CPU = Debug|Any CPU
		Release|Any CPU = Release|Any CPU
	EndGlobalSection
	GlobalSection(ProjectConfigurationPlatforms) = postSolution
		{04D91E48-9D27-4382-B5ED-1884F68BBB0F}.Debug|Any CPU.ActiveCfg = Debug|Any CPU
		{04D91E48-9D27-4382-B5ED-1884F68BBB0F}.Debug|Any CPU.Build.0 = Debug|Any CPU
		{04D91E48-9D27-4382-B5ED-1884F68BBB0F}.Release|Any CPU.ActiveCfg = Release|Any CPU
		{04D91E48-9D27-4382-B5ED-1884F68BBB0F}.Release|Any CPU.Build.0 = Release|Any CPU
	EndGlobalSection
	GlobalSection(SolutionProperties) = preSolution
		HideSolutionNode = FALSE
	EndGlobalSection
	GlobalSection(ExtensibilityGlobals) = postSolution
		SolutionGuid = {83FA17EE-8ADC-478B-9190-93695CA93F58}
	EndGlobalSection
EndGlobal
